github.com/BurntSushi/toml v1.2.1/go.mod h1:CxXYINrC8qIiEnFrOxCa7Jy5BFHlXnUU2pbicEuybxQ=
github.com/BurntSushi/toml v1.3.2 h1:o7IhLm0Msx3BaB+n3Ag7L8EVlByGnpq14C4YWiu/gL8=
github.com/BurntSushi/toml v1.3.2/go.mod h1:CxXYINrC8qIiEnFrOxCa7Jy5BFHlXnUU2pbicEuybxQ=
github.com/agext/levenshtein v1.2.3 h1:YB2fHEn0UJagG8T1rrWknE3ZQzWM06O8AMAatNn7lmo=
github.com/agext/levenshtein v1.2.3/go.mod h1:JEDfjyjHDjOF/1e4FlBE/PkbqA9OfWu2ki2W0IB5558=
github.com/alexflint/go-arg v1.4.3 h1:9rwwEBpMXfKQKceuZfYcwuc/7YY7tWJbFsgG5cAU/uo=
github.com/alexflint/go-arg v1.4.3/go.mod h1:3PZ/wp/8HuqRZMUUgu7I+e1qcpUbvmS258mRXkFH4IA=
github.com/alexflint/go-scalar v1.1.0 h1:aaAouLLzI9TChcPXotr6gUhq+Scr8rl0P9P4PnltbhM=
github.com/alexflint/go-scalar v1.1.0/go.mod h1:LoFvNMqS1CPrMVltza4LvnGKhaSpc3oyLEBUZVhhS2o=
github.com/apparentlymart/go-textseg/v15 v15.0.0 h1:uYvfpb3DyLSCGWnctWKGj857c6ew1u1fNQOlOtuGxQY=
github.com/apparentlymart/go-textseg/v15 v15.0.0/go.mod h1:K8XmNZdhEBkdlyDdvbmmsvpAG721bKi0joRfFdHIWJ4=
github.com/bmatcuk/doublestar/v4 v4.6.1 h1:FH9SifrbvJhnlQpztAx++wlkk70QBf0iBWDwNy7PA4I=
github.com/bmatcuk/doublestar/v4 v4.6.1/go.mod h1:xBQ8jztBU6kakFMg+8WGxn0c6z1fTSPVIjEY1Wr7jzc=
github.com/coreos/go-systemd/v22 v22.5.0/go.mod h1:Y58oyj3AT4RCenI/lSvhwexgC+NSVTIJ3seZv2GcEnc=
github.com/creack/pty v1.1.9/go.mod h1:oKZEueFk5CKHvIhNR5MUki03XCEU+Q6VDXinZuGJ33E=
github.com/davecgh/go-spew v1.1.0/go.mod h1:J7Y8YcW2NihsgmVo/mv3lAwl/skON4iLHjSsI+c5H38=
github.com/davecgh/go-spew v1.1.1 h1:vj9j/u1bqnvCEfJOwUhtlOARqs3+rkHYY13jYWTU97c=
github.com/davecgh/go-spew v1.1.1/go.mod h1:J7Y8YcW2NihsgmVo/mv3lAwl/skON4iLHjSsI+c5H38=
github.com/dustinkirkland/golang-petname v0.0.0-20231002161417-6a283f1aaaf2 h1:S6Dco8FtAhEI/qkg/00H6RdEGC+MCy5GPiQ+xweNRFE=
github.com/dustinkirkland/golang-petname v0.0.0-20231002161417-6a283f1aaaf2/go.mod h1:8AuBTZBRSFqEYBPYULd+NN474/zZBLP+6WeT5S9xlAc=
github.com/fatih/color v1.13.0 h1:8LOYc1KYPPmyKMuN8QV2DNRWNbLo6LZ0iLs8+mlH53w=
github.com/fatih/color v1.13.0/go.mod h1:kLAiJbzzSOZDVNGyDpeOxJ47H46qBXwg5ILebYFFOfk=
github.com/flosch/pongo2/v6 v6.0.0 h1:lsGru8IAzHgIAw6H2m4PCyleO58I40ow6apih0WprMU=
github.com/flosch/pongo2/v6 v6.0.0/go.mod h1:CuDpFm47R0uGGE7z13/tTlt1Y6zdxvr2RLT5LJhsHEU=
github.com/fsnotify/fsnotify v1.7.0 h1:8JEhPFa5W2WU7YfeZzPNqzMP6Lwt7L2715Ggo0nosvA=
github.com/fsnotify/fsnotify v1.7.0/go.mod h1:40Bi/Hjc2AVfZrqy+aj+yEI+/bRxZnMJyTJwOpGvigM=
github.com/gabriel-vasile/mimetype v1.4.3 h1:in2uUcidCuFcDKtdcBxlR0rJ1+fsokWf+uqxgUFjbI0=
github.com/gabriel-vasile/mimetype v1.4.3/go.mod h1:d8uq/6HKRL6CGdk+aubisF/M5GcPfT7nKyLpA0lbSSk=
github.com/go-playground/assert/v2 v2.2.0 h1:JvknZsQTYeFEAhQwI4qEt9cyV5ONwRHC+lYKSsYSR8s=
github.com/go-playground/assert/v2 v2.2.0/go.mod h1:VDjEfimB/XKnb+ZQfWdccd7VUvScMdVu0Titje2rxJ4=
github.com/go-playground/locales v0.14.1 h1:EWaQ/wswjilfKLTECiXz7Rh+3BjFhfDFKv/oXslEjJA=
github.com/go-playground/locales v0.14.1/go.mod h1:hxrqLVvrK65+Rwrd5Fc6F2O76J/NuW9t0sjnWqG1slY=
github.com/go-playground/universal-translator v0.18.1 h1:Bcnm0ZwsGyWbCzImXv+pAJnYK9S473LQFuzCbDbfSFY=
github.com/go-playground/universal-translator v0.18.1/go.mod h1:xekY+UJKNuX9WP91TpwSH2VMlDf28Uj24BCp08ZFTUY=
github.com/go-playground/validator/v10 v10.18.0 h1:BvolUXjp4zuvkZ5YN5t7ebzbhlUtPsPm2S9NAZ5nl9U=
github.com/go-playground/validator/v10 v10.18.0/go.mod h1:dbuPbCMFw/DrkbEynArYaCwl3amGuJotoKCe95atGMM=
github.com/go-test/deep v1.0.3 h1:ZrJSEWsXzPOxaZnFteGEfooLba+ju3FYIbOrS+rQd68=
github.com/go-test/deep v1.0.3/go.mod h1:wGDj63lr65AM2AQyKZd/NYHGb0R+1RLqB8NKt3aSFNA=
github.com/goccy/go-json v0.10.2 h1:CrxCmQqYDkv1z7lO7Wbh2HN93uovUHgrECaO5ZrCXAU=
github.com/goccy/go-json v0.10.2/go.mod h1:6MelG93GURQebXPDq3khkgXZkazVtN9CRI+MGFi0w8I=
github.com/goccy/go-yaml v1.11.3 h1:B3W9IdWbvrUu2OYQGwvU1nZtvMQJPBKgBUuweJjLj6I=
github.com/goccy/go-yaml v1.11.3/go.mod h1:wKnAMd44+9JAAnGQpWVEgBzGt3YuTaQ4uXoHvE4m7WU=
github.com/godbus/dbus/v5 v5.0.4/go.mod h1:xhWf0FNVPg57R7Z0UbKHbJfkEywrmjJnf7w5xrFpKfA=
github.com/google/go-cmp v0.6.0 h1:ofyhxvXcZhMsU5ulbFiLKl/XBFqE1GSq7atu8tAmTRI=
github.com/google/go-cmp v0.6.0/go.mod h1:17dUlkBOakJ0+DkrSSNjCkIjxS6bF9zb3elmeNGIjoY=
github.com/google/uuid v1.6.0 h1:NIvaJDMOsjHA8n1jAhLSgzrAzy1Hgr+hNrb57e+94F0=
github.com/google/uuid v1.6.0/go.mod h1:TIyPZe4MgqvfeYDBFedMoGGpEw/LqOeaOT+nhxU+yHo=
github.com/gosimple/slug v1.13.1 h1:bQ+kpX9Qa6tHRaK+fZR0A0M2Kd7Pa5eHPPsb1JpHD+Q=
github.com/gosimple/slug v1.13.1/go.mod h1:UiRaFH+GEilHstLUmcBgWcI42viBN7mAb818JrYOeFQ=
github.com/gosimple/unidecode v1.0.1 h1:hZzFTMMqSswvf0LBJZCZgThIZrpDHFXux9KeGmn6T/o=
github.com/gosimple/unidecode v1.0.1/go.mod h1:CP0Cr1Y1kogOtx0bJblKzsVWrqYaqfNOnHzpgWw4Awc=
github.com/hashicorp/errwrap v1.0.0/go.mod h1:YH+1FKiLXxHSkmPseP+kNlulaMuP3n2brvKWEqk/Jc4=
github.com/hashicorp/errwrap v1.1.0 h1:OxrOeh75EUXMY8TBjag2fzXGZ40LB6IKw45YeGUDY2I=
github.com/hashicorp/errwrap v1.1.0/go.mod h1:YH+1FKiLXxHSkmPseP+kNlulaMuP3n2brvKWEqk/Jc4=
github.com/hashicorp/go-multierror v1.1.1 h1:H5DkEtf6CXdFp0N0Em5UCwQpXMWke8IA0+lD48awMYo=
github.com/hashicorp/go-multierror v1.1.1/go.mod h1:iw975J/qwKPdAO1clOe2L8331t/9/fmwbPZ6JB6eMoM=
github.com/hashicorp/hcl/v2 v2.19.1 h1://i05Jqznmb2EXqa39Nsvyan2o5XyMowW5fnCKW5RPI=
github.com/hashicorp/hcl/v2 v2.19.1/go.mod h1:ThLC89FV4p9MPW804KVbe/cEXoQ8NZEh+JtMeeGErHE=
github.com/ilyakaznacheev/cleanenv v1.5.0 h1:0VNZXggJE2OYdXE87bfSSwGxeiGt9moSR2lOrsHHvr4=
github.com/ilyakaznacheev/cleanenv v1.5.0/go.mod h1:a5aDzaJrLCQZsazHol1w8InnDcOX0OColm64SlIi6gk=
github.com/joho/godotenv v1.5.1 h1:7eLL/+HRGLY0ldzfGMeQkb7vMd0as4CfYvUVzLqw0N0=
github.com/joho/godotenv v1.5.1/go.mod h1:f4LDr5Voq0i2e/R5DDNOoa2zzDfwtkZa6DnEwAbqwq4=
github.com/justinas/alice v1.2.0 h1:+MHSA/vccVCF4Uq37S42jwlkvI2Xzl7zTPCN5BnZNVo=
github.com/justinas/alice v1.2.0/go.mod h1:fN5HRH/reO/zrUflLfTN43t3vXvKzvZIENsNEe7i7qA=
github.com/klauspost/compress v1.17.6 h1:60eq2E/jlfwQXtvZEeBUYADs+BwKBWURIY+Gj2eRGjI=
github.com/klauspost/compress v1.17.6/go.mod h1:/dCuZOvVtNoHsyb+cuJD3itjs3NbnF6KH9zAO4BDxPM=
github.com/kr/pretty v0.1.0/go.mod h1:dAy3ld7l9f0ibDNOQOHHMYYIIbhfbHSm3C4ZsoJORNo=
github.com/kr/pretty v0.3.1 h1:flRD4NNwYAUpkphVc1HcthR4KEIFJ65n8Mw5qdRn3LE=
github.com/kr/pretty v0.3.1/go.mod h1:hoEshYVHaxMs3cyo3Yncou5ZscifuDolrwPKZanG3xk=
github.com/kr/pty v1.1.1/go.mod h1:pFQYn66WHrOpPYNljwOMqo10TkYh1fy3cYio2l3bCsQ=
github.com/kr/text v0.1.0/go.mod h1:4Jbv+DJW3UT/LiOwJeYQe1efqtUx/iVham/4vfdArNI=
github.com/kr/text v0.2.0 h1:5Nx0Ya0ZqY2ygV366QzturHI13Jq95ApcVaJBhpS+AY=
github.com/kr/text v0.2.0/go.mod h1:eLer722TekiGuMkidMxC/pM04lWEeraHUUmBw8l2grE=
github.com/kylelemons/godebug v0.0.0-20170820004349-d65d576e9348 h1:MtvEpTB6LX3vkb4ax0b5D2DHbNAUsen0Gx5wZoq3lV4=
github.com/kylelemons/godebug v0.0.0-20170820004349-d65d576e9348/go.mod h1:B69LEHPfb2qLo0BaaOLcbitczOKLWTsrBG9LczfCD4k=
github.com/leodido/go-urn v1.4.0 h1:WT9HwE9SGECu3lg4d/dIA+jxlljEa1/ffXKmRjqdmIQ=
github.com/leodido/go-urn v1.4.0/go.mod h1:bvxc+MVxLKB4z00jd1z+Dvzr47oO32F/QSNjSBOlFxI=
github.com/manterfield/fast-ctyjson v0.0.0-20230703095703-1b8072102e1c h1:1X/xfvQvDy5OzRF/VpgRpeDPz6LoZprCBBUbuBisMI8=
github.com/manterfield/fast-ctyjson v0.0.0-20230703095703-1b8072102e1c/go.mod h1:BaPbWwKur1d8zwwMqP+Io3T3yKL734GDI1BvloEMO7I=
github.com/mattn/go-colorable v0.1.9/go.mod h1:u6P/XSegPjTcexA+o6vUJrdnUu04hMope9wVRipJSqc=
github.com/mattn/go-colorable v0.1.13 h1:fFA4WZxdEF4tXPZVKMLwD8oUnCTTo08duU7wxecdEvA=
github.com/mattn/go-colorable v0.1.13/go.mod h1:7S9/ev0klgBDR4GtXTXX8a3vIGJpMovkB8vQcUbaXHg=
github.com/mattn/go-isatty v0.0.12/go.mod h1:cbi8OIDigv2wuxKPP5vlRcQ1OAZbq2CE4Kysco4FUpU=
github.com/mattn/go-isatty v0.0.14/go.mod h1:7GGIvUiUoEMVVmxf/4nioHXj79iQHKdU27kJ6hsGG94=
github.com/mattn/go-isatty v0.0.16/go.mod h1:kYGgaQfpe5nmfYZH+SKPsOc2e4SrIfOl2e/yFXSvRLM=
github.com/mattn/go-isatty v0.0.19/go.mod h1:W+V8PltTTMOvKvAeJH7IuucS94S2C6jfK/D7dTCTo3Y=
github.com/mattn/go-isatty v0.0.20 h1:xfD0iDuEKnDkl03q4limB+vH+GxLEtL/jb4xVJSWWEY=
github.com/mattn/go-isatty v0.0.20/go.mod h1:W+V8PltTTMOvKvAeJH7IuucS94S2C6jfK/D7dTCTo3Y=
github.com/minio/highwayhash v1.0.2 h1:Aak5U0nElisjDCfPSG79Tgzkn2gl66NxOMspRrKnA/g=
github.com/minio/highwayhash v1.0.2/go.mod h1:BQskDq+xkJ12lmlUUi7U0M5Swg3EWR+dLTk+kldvVxY=
github.com/mitchellh/go-homedir v1.1.0 h1:lukF9ziXFxDFPkA1vsr5zpc1XuPDn/wFntq5mG+4E0Y=
github.com/mitchellh/go-homedir v1.1.0/go.mod h1:SfyaCUpYCn1Vlf4IUYiD9fPX4A5wJrkLzIz1N1q0pr0=
github.com/mitchellh/go-wordwrap v1.0.1 h1:TLuKupo69TCn6TQSyGxwI1EblZZEsQ0vMlAFQflz0v0=
github.com/mitchellh/go-wordwrap v1.0.1/go.mod h1:R62XHJLzvMFRBbcrT7m7WgmE1eOyTSsCt+hzestvNj0=
github.com/nats-io/jwt/v2 v2.5.3 h1:/9SWvzc6hTfamcgXJ3uYRpgj+QuY2aLNqRiqrKcrpEo=
github.com/nats-io/jwt/v2 v2.5.3/go.mod h1:iysuPemFcc7p4IoYots3IuELSI4EDe9Y0bQMe+I3Bf4=
github.com/nats-io/nats-server/v2 v2.10.10 h1:g1Wd64J5SGsoqWSx1qoNu9/At7a2x+jE7Qtf2XpEx/I=
github.com/nats-io/nats-server/v2 v2.10.10/go.mod h1:/TE61Dos8NlwZnjzyE3ZlOnM6dgl7tf937dnf4VclrA=
github.com/nats-io/nats.go v1.33.0 h1:rRg0l2F29B30n6EPl0j50hl8eYp7rA2ecoJ74E62US8=
github.com/nats-io/nats.go v1.33.0/go.mod h1:Ubdu4Nh9exXdSz0RVWRFBbRfrbSxOYd26oF0wkWclB8=
github.com/nats-io/nkeys v0.4.7 h1:RwNJbbIdYCoClSDNY7QVKZlyb/wfT6ugvFCiKy6vDvI=
github.com/nats-io/nkeys v0.4.7/go.mod h1:kqXRgRDPlGy7nGaEDMuYzmiJCIAAWDK0IMBtDmGD0nc=
github.com/nats-io/nuid v1.0.1 h1:5iA8DT8V7q8WK2EScv2padNa/rTESc1KdnPw4TC2paw=
github.com/nats-io/nuid v1.0.1/go.mod h1:19wcPz3Ph3q0Jbyiqsd0kePYG7A95tJPxeL+1OSON2c=
github.com/oklog/run v1.1.0 h1:GEenZ1cK0+q0+wsJew9qUg/DyD8k3JzYsZAi5gYi2mA=
github.com/oklog/run v1.1.0/go.mod h1:sVPdnTZT1zYwAJeCMu2Th4T21pA3FPOQRfWjQlk7DVU=
github.com/patrickmn/go-cache v2.1.0+incompatible h1:HRMgzkcYKYpi3C8ajMPV8OFXaaRUnok+kx1WdO15EQc=
github.com/patrickmn/go-cache v2.1.0+incompatible/go.mod h1:3Qf8kWWT7OJRJbdiICTKqZju1ZixQ/KpMGzzAfe6+WQ=
github.com/pkg/diff v0.0.0-20210226163009-20ebb0f2a09e/go.mod h1:pJLUxLENpZxwdsKMEsNbx1VGcRFpLqf3715MtcvvzbA=
github.com/pkg/errors v0.9.1/go.mod h1:bwawxfHBFNV+L2hUp1rHADufV3IMtnDRdf1r5NINEl0=
github.com/pmezard/go-difflib v1.0.0 h1:4DBwDE0NGyQoBHbLQYPwSUPoCMWR5BEzIk/f1lZbAQM=
github.com/pmezard/go-difflib v1.0.0/go.mod h1:iKH77koFhYxTK1pcRnkKkqfTogsbg7gZNVY4sRDYZ/4=
github.com/robfig/cron v1.2.0 h1:ZjScXvvxeQ63Dbyxy76Fj3AT3Ut0aKsyd2/tl3DTMuQ=
github.com/robfig/cron v1.2.0/go.mod h1:JGuDeoQd7Z6yL4zQhZ3OPEVHB7fL6Ka6skscFHfmt2k=
github.com/rogpeppe/go-internal v1.9.0/go.mod h1:WtVeX8xhTBvf0smdhujwtBcq4Qrzq/fJaraNFVN+nFs=
github.com/rogpeppe/go-internal v1.11.0 h1:cWPaGQEPrBb5/AsnsZesgZZ9yb1OQ+GOISoDNXVBh4M=
github.com/rogpeppe/go-internal v1.11.0/go.mod h1:ddIwULY96R17DhadqLgMfk9H9tvdUzkipdSkR5nkCZA=
github.com/rs/xid v1.5.0 h1:mKX4bl4iPYJtEIxp6CYiUuLQ/8DYMoz0PUdtGgMFRVc=
github.com/rs/xid v1.5.0/go.mod h1:trrq9SKmegXys3aeAKXMUTdJsYXVwGY3RLcfgqegfbg=
github.com/rs/zerolog v1.32.0 h1:keLypqrlIjaFsbmJOBdB/qvyF8KEtCWHwobLp5l/mQ0=
github.com/rs/zerolog v1.32.0/go.mod h1:/7mN4D5sKwJLZQ2b/znpjC3/GQWY/xaDXUM0kKWRHss=
github.com/sergi/go-diff v1.1.0 h1:we8PVUC3FE2uYfodKH/nBHMSetSfHDR6scGdBi+erh0=
github.com/sergi/go-diff v1.1.0/go.mod h1:STckp+ISIX8hZLjrqAeVduY0gWCT9IjLuqbuNXdaHfM=
github.com/slok/reload v0.1.0 h1:VEkUHiV+7WCJ5+zKxuWhD41NFpr1G7ACILz43aXuP+8=
github.com/slok/reload v0.1.0/go.mod h1:rQBFU7T77Rrm9zMyZRtCWexRBcFesEGPWj72KPzra/A=
github.com/stretchr/objx v0.1.0/go.mod h1:HFkY916IF+rwdDfMAkV7OtwuqBVzrE8GR6GFx+wExME=
github.com/stretchr/objx v0.5.0 h1:1zr/of2m5FGMsad5YfcqgdqdWrIhu+EBEJRhR1U7z/c=
github.com/stretchr/objx v0.5.0/go.mod h1:Yh+to48EsGEfYuaHDzXPcE3xhTkx73EhmCGUpEOglKo=
github.com/stretchr/testify v1.2.2/go.mod h1:a8OnRcib4nhh0OaRAV+Yts87kKdq0PP7pXfy6kDkUVs=
github.com/stretchr/testify v1.4.0/go.mod h1:j7eGeouHqKxXV5pUuKE4zz7dFj8WfuZ+81PSLYec5m4=
github.com/stretchr/testify v1.7.0/go.mod h1:6Fq8oRcR53rry900zMqJjRRixrwX3KX962/h/Wwjteg=
github.com/stretchr/testify v1.8.4 h1:CcVxjf3Q8PM0mHUKJCdn+eZZtm5yQwehR5yeSVQQcUk=
github.com/stretchr/testify v1.8.4/go.mod h1:sz/lmYIOXD/1dqDmKjjqLyZ2RngseejIcXlSw2iwfAo=
github.com/valyala/bytebufferpool v1.0.0 h1:GqA5TC/0021Y/b9FG4Oi9Mr3q7XYx6KllzawFIhcdPw=
github.com/valyala/bytebufferpool v1.0.0/go.mod h1:6bBcMArwyJ5K/AmCkWv1jt77kVWyCJ6HpOuEn7z0Csc=
github.com/valyala/fasttemplate v1.2.2 h1:lxLXG0uE3Qnshl9QyaK6XJxMXlQZELvChBOCmQD0Loo=
github.com/valyala/fasttemplate v1.2.2/go.mod h1:KHLXt3tVN2HBp8eijSv/kGJopbvo7S+qRAEEKiv+SiQ=
github.com/zclconf/go-cty v1.14.2 h1:kTG7lqmBou0Zkx35r6HJHUQTvaRPr5bIAf3AoHS0izI=
github.com/zclconf/go-cty v1.14.2/go.mod h1:VvMs5i0vgZdhYawQNq5kePSpLAoz8u1xvZgrPIxfnZE=
golang.org/x/crypto v0.19.0 h1:ENy+Az/9Y1vSrlrvBSyna3PITt4tiZLf7sgCjZBX7Wo=
golang.org/x/crypto v0.19.0/go.mod h1:Iy9bg/ha4yyC70EfRS8jz+B6ybOBKMaSxLj6P6oBDfU=
golang.org/x/exp v0.0.0-20240222234643-814bf88cf225 h1:LfspQV/FYTatPTr/3HzIcmiUFH7PGP+OQ6mgDYo3yuQ=
golang.org/x/exp v0.0.0-20240222234643-814bf88cf225/go.mod h1:CxmFvTBINI24O/j8iY7H1xHzx2i4OsyguNBmN/uPtqc=
golang.org/x/net v0.21.0 h1:AQyQV4dYCvJ7vGmJyKki9+PBdyvhkSd8EIx/qb0AYv4=
golang.org/x/net v0.21.0/go.mod h1:bIjVDfnllIU7BJ2DNgfnXvpSvtn8VRwhlsaeUTyUS44=
golang.org/x/sync v0.0.0-20210220032951-036812b2e83c/go.mod h1:RxMgew5VJxzue5/jJTE5uejpjVlOe/izrB70Jof72aM=
golang.org/x/sync v0.6.0 h1:5BMeUDZ7vkXGfEr1x9B4bRcTH4lpkTkpdh0T/J+qjbQ=
golang.org/x/sync v0.6.0/go.mod h1:Czt+wKu1gCyEFDUtn0jG5QVvpJ6rzVqr5aXyt9drQfk=
golang.org/x/sys v0.0.0-20190130150945-aca44879d564/go.mod h1:STP8DvDyc/dI5b8T5hshtkjS+E42TnysNCUPdjciGhY=
golang.org/x/sys v0.0.0-20200116001909-b77594299b42/go.mod h1:h1NjWce9XRLGQEsW7wpKNCjG9DtNlClVuFLEZdDNbEs=
golang.org/x/sys v0.0.0-20200223170610-d5e6a3e2c0ae/go.mod h1:h1NjWce9XRLGQEsW7wpKNCjG9DtNlClVuFLEZdDNbEs=
golang.org/x/sys v0.0.0-20210630005230-0f9fa26af87c/go.mod h1:oPkhp1MJrh7nUepCBck5+mAzfO9JrbApNNgaTdGDITg=
golang.org/x/sys v0.0.0-20220811171246-fbc7d0a398ab/go.mod h1:oPkhp1MJrh7nUepCBck5+mAzfO9JrbApNNgaTdGDITg=
golang.org/x/sys v0.6.0/go.mod h1:oPkhp1MJrh7nUepCBck5+mAzfO9JrbApNNgaTdGDITg=
golang.org/x/sys v0.12.0/go.mod h1:oPkhp1MJrh7nUepCBck5+mAzfO9JrbApNNgaTdGDITg=
golang.org/x/sys v0.17.0 h1:25cE3gD+tdBA7lp7QfhuV+rJiE9YXTcS3VG1SqssI/Y=
golang.org/x/sys v0.17.0/go.mod h1:/VUhepiaJMQUp4+oa/7Zr1D23ma6VTLIYjOOTFZPUcA=
golang.org/x/text v0.14.0 h1:ScX5w1eTa3QqT8oi6+ziP7dTV1S2+ALU0bI+0zXKWiQ=
golang.org/x/text v0.14.0/go.mod h1:18ZOQIKpY8NJVqYksKHtTdi31H5itFRjB5/qKTNYzSU=
golang.org/x/time v0.5.0 h1:o7cqy6amK/52YcAKIPlM3a+Fpj35zvRj2TP+e1xFSfk=
golang.org/x/time v0.5.0/go.mod h1:3BpzKBy/shNhVucY/MWOyx10tF3SFh9QdLuxbVysPQM=
golang.org/x/xerrors v0.0.0-20220907171357-04be3eba64a2 h1:H2TDz8ibqkAF6YGhCdN3jS9O0/s90v0rJh3X/OLHEUk=
golang.org/x/xerrors v0.0.0-20220907171357-04be3eba64a2/go.mod h1:K8+ghG5WaK9qNqU5K3HdILfMLy1f3aNYFI/wnl100a8=
gopkg.in/check.v1 v0.0.0-20161208181325-20d25e280405/go.mod h1:Co6ibVJAznAaIkqp8huTwlJQCZ016jof/cbN4VW5Yz0=
gopkg.in/check.v1 v1.0.0-20190902080502-41f04d3bba15/go.mod h1:Co6ibVJAznAaIkqp8huTwlJQCZ016jof/cbN4VW5Yz0=
gopkg.in/check.v1 v1.0.0-20201130134442-10cb98267c6c h1:Hei/4ADfdWqJk1ZMxUNpqntNwaWcugrBjAiHlqqRiVk=
gopkg.in/check.v1 v1.0.0-20201130134442-10cb98267c6c/go.mod h1:JHkPIbrfpd72SG/EVd6muEfDQjcINNoR0C8j2r3qZ4Q=
gopkg.in/yaml.v2 v2.2.2/go.mod h1:hI93XBmqTisBFMUTm0b8Fm+jr3Dg1NNxqwp+5A1VGuI=
gopkg.in/yaml.v2 v2.2.4/go.mod h1:hI93XBmqTisBFMUTm0b8Fm+jr3Dg1NNxqwp+5A1VGuI=
gopkg.in/yaml.v3 v3.0.0-20200313102051-9f266ea9e77c/go.mod h1:K4uyk7z7BCEPqu6E+C64Yfv1cQ7kz7rIZviUmN+EgEM=
gopkg.in/yaml.v3 v3.0.1 h1:fxVm/GzAzEWqLHuvctI91KS9hhNmmWOoWu0XTYJS7CA=
gopkg.in/yaml.v3 v3.0.1/go.mod h1:K4uyk7z7BCEPqu6E+C64Yfv1cQ7kz7rIZviUmN+EgEM=
olympos.io/encoding/edn v0.0.0-20201019073823-d3554ca0b0a3 h1:slmdOY3vp8a7KQbHkL+FLbvbkgMqmXojpFUO/jENuqQ=
olympos.io/encoding/edn v0.0.0-20201019073823-d3554ca0b0a3/go.mod h1:oVgVk4OWVDi43qWBEyGhXgYxt7+ED4iYNpTngSLX2Iw=
